
Microsoft Visual Studio Solution File, Format Version 12.00
Project("{FAE04EC0-301F-11D3-BF4B-00C04F79EFBC}") = "ViteSales.API", "ViteSales.API\ViteSales.API.csproj", "{282D3A7C-5B5D-4609-823D-74935CD71700}"
EndProject
Project("{FAE04EC0-301F-11D3-BF4B-00C04F79EFBC}") = "ViteSales.Shared", "ViteSales.Shared\ViteSales.Shared.csproj", "{3EA8EC28-975D-44C5-AB38-F8DEF0CD0B1E}"
EndProject
Project("{FAE04EC0-301F-11D3-BF4B-00C04F79EFBC}") = "ViteSales.ERP.Accounting", "ViteSales.ERP.Accounting\ViteSales.ERP.Accounting.csproj", "{6D5C3FC3-1D71-4F53-9EF5-9AE15B93A68E}"
EndProject
Project("{FAE04EC0-301F-11D3-BF4B-00C04F79EFBC}") = "ViteSales.ERP.SDK", "ViteSales.ERP.SDK\ViteSales.ERP.SDK.csproj", "{10DDF32B-0F5C-4F4E-853F-14DF64008D31}"
EndProject
Project("{FAE04EC0-301F-11D3-BF4B-00C04F79EFBC}") = "ViteSales.ERP.Console", "ViteSales.ERP.Console\ViteSales.ERP.Console.csproj", "{9B95965D-2E2A-48DF-B669-B0461379E58A}"
EndProject
Global
	GlobalSection(SolutionConfigurationPlatforms) = preSolution
		Debug|Any CPU = Debug|Any CPU
		Release|Any CPU = Release|Any CPU
	EndGlobalSection
	GlobalSection(ProjectConfigurationPlatforms) = postSolution
		{282D3A7C-5B5D-4609-823D-74935CD71700}.Debug|Any CPU.ActiveCfg = Debug|Any CPU
		{282D3A7C-5B5D-4609-823D-74935CD71700}.Debug|Any CPU.Build.0 = Debug|Any CPU
		{282D3A7C-5B5D-4609-823D-74935CD71700}.Release|Any CPU.ActiveCfg = Release|Any CPU
		{282D3A7C-5B5D-4609-823D-74935CD71700}.Release|Any CPU.Build.0 = Release|Any CPU
		{3EA8EC28-975D-44C5-AB38-F8DEF0CD0B1E}.Debug|Any CPU.ActiveCfg = Debug|Any CPU
		{3EA8EC28-975D-44C5-AB38-F8DEF0CD0B1E}.Debug|Any CPU.Build.0 = Debug|Any CPU
		{3EA8EC28-975D-44C5-AB38-F8DEF0CD0B1E}.Release|Any CPU.ActiveCfg = Release|Any CPU
		{3EA8EC28-975D-44C5-AB38-F8DEF0CD0B1E}.Release|Any CPU.Build.0 = Release|Any CPU
		{6D5C3FC3-1D71-4F53-9EF5-9AE15B93A68E}.Debug|Any CPU.ActiveCfg = Debug|Any CPU
		{6D5C3FC3-1D71-4F53-9EF5-9AE15B93A68E}.Debug|Any CPU.Build.0 = Debug|Any CPU
		{6D5C3FC3-1D71-4F53-9EF5-9AE15B93A68E}.Release|Any CPU.ActiveCfg = Release|Any CPU
		{6D5C3FC3-1D71-4F53-9EF5-9AE15B93A68E}.Release|Any CPU.Build.0 = Release|Any CPU
		{10DDF32B-0F5C-4F4E-853F-14DF64008D31}.Debug|Any CPU.ActiveCfg = Debug|Any CPU
		{10DDF32B-0F5C-4F4E-853F-14DF64008D31}.Debug|Any CPU.Build.0 = Debug|Any CPU
		{10DDF32B-0F5C-4F4E-853F-14DF64008D31}.Release|Any CPU.ActiveCfg = Release|Any CPU
		{10DDF32B-0F5C-4F4E-853F-14DF64008D31}.Release|Any CPU.Build.0 = Release|Any CPU
		{9B95965D-2E2A-48DF-B669-B0461379E58A}.Debug|Any CPU.ActiveCfg = Debug|Any CPU
		{9B95965D-2E2A-48DF-B669-B0461379E58A}.Debug|Any CPU.Build.0 = Debug|Any CPU
		{9B95965D-2E2A-48DF-B669-B0461379E58A}.Release|Any CPU.ActiveCfg = Release|Any CPU
		{9B95965D-2E2A-48DF-B669-B0461379E58A}.Release|Any CPU.Build.0 = Release|Any CPU
	EndGlobalSection
EndGlobal
