
Microsoft Visual Studio Solution File, Format Version 12.00
# Visual Studio Version 17
VisualStudioVersion = 17.12.35521.163 d17.12
MinimumVisualStudioVersion = 10.0.40219.1
Project("{FAE04EC0-301F-11D3-BF4B-00C04F79EFBC}") = "ViteSales.API", "ViteSales.API\ViteSales.API.csproj", "{282D3A7C-5B5D-4609-823D-74935CD71700}"
EndProject
Project("{FAE04EC0-301F-11D3-BF4B-00C04F79EFBC}") = "ViteSales.ERP.Shared", "ViteSales.ERP.Shared\ViteSales.ERP.Shared.csproj", "{3EA8EC28-975D-44C5-AB38-F8DEF0CD0B1E}"
EndProject
Project("{FAE04EC0-301F-11D3-BF4B-00C04F79EFBC}") = "ViteSales.ERP.Accounting", "ViteSales.ERP.Accounting\ViteSales.ERP.Accounting.csproj", "{6D5C3FC3-1D71-4F53-9EF5-9AE15B93A68E}"
EndProject
Project("{FAE04EC0-301F-11D3-BF4B-00C04F79EFBC}") = "ViteSales.ERP.SDK", "ViteSales.ERP.SDK\ViteSales.ERP.SDK.csproj", "{10DDF32B-0F5C-4F4E-853F-14DF64008D31}"
EndProject
Project("{FAE04EC0-301F-11D3-BF4B-00C04F79EFBC}") = "ViteSales.ERP.Console", "ViteSales.ERP.Console\ViteSales.ERP.Console.csproj", "{9B95965D-2E2A-48DF-B669-B0461379E58A}"
EndProject
Project("{2150E333-8FDC-42A3-9474-1A3956D46DE8}") = "Solution Items", "Solution Items", "{E229E2EF-2322-4452-8D6E-E10FBD64CD33}"
	ProjectSection(SolutionItems) = preProject
		compose.yaml = compose.yaml
	EndProjectSection
EndProject
Project("{FAE04EC0-301F-11D3-BF4B-00C04F79EFBC}") = "ViteSales.ERP.Auth", "ViteSales.ERP.Auth\ViteSales.ERP.Auth.csproj", "{F502882D-69D4-47D6-A7B7-EA2CDEFA73C9}"
EndProject
Project("{FAE04EC0-301F-11D3-BF4B-00C04F79EFBC}") = "ViteSales.ERP.Cloud", "ViteSales.ERP.Cloud\ViteSales.ERP.Cloud.csproj", "{7C551C3B-1ACF-4A35-9474-40C4DF19D1AB}"
EndProject
Project("{FAE04EC0-301F-11D3-BF4B-00C04F79EFBC}") = "ViteSales.ERP", "ViteSales.ERP\ViteSales.ERP\ViteSales.ERP.csproj", "{A7FB70E0-ADC0-429C-A85F-C59A34B4D21C}"
EndProject
Global
	GlobalSection(SolutionConfigurationPlatforms) = preSolution
		Debug|Any CPU = Debug|Any CPU
		Release|Any CPU = Release|Any CPU
	EndGlobalSection
	GlobalSection(ProjectConfigurationPlatforms) = postSolution
		{282D3A7C-5B5D-4609-823D-74935CD71700}.Debug|Any CPU.ActiveCfg = Debug|Any CPU
		{282D3A7C-5B5D-4609-823D-74935CD71700}.Debug|Any CPU.Build.0 = Debug|Any CPU
		{282D3A7C-5B5D-4609-823D-74935CD71700}.Release|Any CPU.ActiveCfg = Release|Any CPU
		{282D3A7C-5B5D-4609-823D-74935CD71700}.Release|Any CPU.Build.0 = Release|Any CPU
		{3EA8EC28-975D-44C5-AB38-F8DEF0CD0B1E}.Debug|Any CPU.ActiveCfg = Debug|Any CPU
		{3EA8EC28-975D-44C5-AB38-F8DEF0CD0B1E}.Debug|Any CPU.Build.0 = Debug|Any CPU
		{3EA8EC28-975D-44C5-AB38-F8DEF0CD0B1E}.Release|Any CPU.ActiveCfg = Release|Any CPU
		{3EA8EC28-975D-44C5-AB38-F8DEF0CD0B1E}.Release|Any CPU.Build.0 = Release|Any CPU
		{6D5C3FC3-1D71-4F53-9EF5-9AE15B93A68E}.Debug|Any CPU.ActiveCfg = Debug|Any CPU
		{6D5C3FC3-1D71-4F53-9EF5-9AE15B93A68E}.Debug|Any CPU.Build.0 = Debug|Any CPU
		{6D5C3FC3-1D71-4F53-9EF5-9AE15B93A68E}.Release|Any CPU.ActiveCfg = Release|Any CPU
		{6D5C3FC3-1D71-4F53-9EF5-9AE15B93A68E}.Release|Any CPU.Build.0 = Release|Any CPU
		{10DDF32B-0F5C-4F4E-853F-14DF64008D31}.Debug|Any CPU.ActiveCfg = Debug|Any CPU
		{10DDF32B-0F5C-4F4E-853F-14DF64008D31}.Debug|Any CPU.Build.0 = Debug|Any CPU
		{10DDF32B-0F5C-4F4E-853F-14DF64008D31}.Release|Any CPU.ActiveCfg = Release|Any CPU
		{10DDF32B-0F5C-4F4E-853F-14DF64008D31}.Release|Any CPU.Build.0 = Release|Any CPU
		{9B95965D-2E2A-48DF-B669-B0461379E58A}.Debug|Any CPU.ActiveCfg = Debug|Any CPU
		{9B95965D-2E2A-48DF-B669-B0461379E58A}.Debug|Any CPU.Build.0 = Debug|Any CPU
		{9B95965D-2E2A-48DF-B669-B0461379E58A}.Release|Any CPU.ActiveCfg = Release|Any CPU
		{9B95965D-2E2A-48DF-B669-B0461379E58A}.Release|Any CPU.Build.0 = Release|Any CPU
		{F502882D-69D4-47D6-A7B7-EA2CDEFA73C9}.Debug|Any CPU.ActiveCfg = Debug|Any CPU
		{F502882D-69D4-47D6-A7B7-EA2CDEFA73C9}.Debug|Any CPU.Build.0 = Debug|Any CPU
		{F502882D-69D4-47D6-A7B7-EA2CDEFA73C9}.Release|Any CPU.ActiveCfg = Release|Any CPU
		{F502882D-69D4-47D6-A7B7-EA2CDEFA73C9}.Release|Any CPU.Build.0 = Release|Any CPU
		{7C551C3B-1ACF-4A35-9474-40C4DF19D1AB}.Debug|Any CPU.ActiveCfg = Debug|Any CPU
		{7C551C3B-1ACF-4A35-9474-40C4DF19D1AB}.Debug|Any CPU.Build.0 = Debug|Any CPU
		{7C551C3B-1ACF-4A35-9474-40C4DF19D1AB}.Release|Any CPU.ActiveCfg = Release|Any CPU
		{7C551C3B-1ACF-4A35-9474-40C4DF19D1AB}.Release|Any CPU.Build.0 = Release|Any CPU
		{A7FB70E0-ADC0-429C-A85F-C59A34B4D21C}.Debug|Any CPU.ActiveCfg = Debug|Any CPU
		{A7FB70E0-ADC0-429C-A85F-C59A34B4D21C}.Debug|Any CPU.Build.0 = Debug|Any CPU
		{A7FB70E0-ADC0-429C-A85F-C59A34B4D21C}.Release|Any CPU.ActiveCfg = Release|Any CPU
		{A7FB70E0-ADC0-429C-A85F-C59A34B4D21C}.Release|Any CPU.Build.0 = Release|Any CPU
	EndGlobalSection
	GlobalSection(SolutionProperties) = preSolution
		HideSolutionNode = FALSE
	EndGlobalSection
EndGlobal
